{
  "requires": true,
  "lockfileVersion": 1,
  "dependencies": {
    "types-registry": {
      "version": "0.1.697",
      "resolved": "https://registry.npmjs.org/types-registry/-/types-registry-0.1.697.tgz",
      "integrity": "sha512-xd9fKJSwmpmtzoI6fpR4EOPCHYywB28vLrqssFsItQouFJ8a0Ep+dY6eU+axhOqvZjBApsxtrtIGCjBpyGXd0Q=="
    }
  }
}
